dependencies:
- name: postgresql
  repository: oci://registry-1.docker.io/bitnamicharts
  version: 18.11.5
- name: minio
  repository: oci://registry-1.docker.io/bitnamicharts
  version: 17.0.21
digest: sha256:73ee07ec5a79d9a699f7a8a9b20560c68395a3dc4a11ae7dee84c180e44fcab5
generated: "2026-09-21T19:52:11.64742+07:00"
